// !$*UTF8*$!
{
	archiveVersion = 1;
	classes = {
	};
	objectVersion = 46;
	objects = {

/* Begin PBXBuildFile section */
		F19EEA721A9D591600E89A09 /* SFUStudentServiceURLs.plist in Resources */ = {isa = PBXBuildFile; fileRef = F19EEA711A9D591600E89A09 /* SFUStudentServiceURLs.plist */; };
		F808D8111A95CFA90006FC17 /* main.m in Sources */ = {isa = PBXBuildFile; fileRef = F808D8101A95CFA90006FC17 /* main.m */; };
		F808D8141A95CFA90006FC17 /* AppDelegate.m in Sources */ = {isa = PBXBuildFile; fileRef = F808D8131A95CFA90006FC17 /* AppDelegate.m */; };
		F808D8171A95CFA90006FC17 /* MasterViewController.m in Sources */ = {isa = PBXBuildFile; fileRef = F808D8161A95CFA90006FC17 /* MasterViewController.m */; };
		F808D81A1A95CFA90006FC17 /* DetailViewController.m in Sources */ = {isa = PBXBuildFile; fileRef = F808D8191A95CFA90006FC17 /* DetailViewController.m */; };
		F808D81F1A95CFA90006FC17 /* Images.xcassets in Resources */ = {isa = PBXBuildFile; fileRef = F808D81E1A95CFA90006FC17 /* Images.xcassets */; };
		F808D8221A95CFA90006FC17 /* LaunchScreen.xib in Resources */ = {isa = PBXBuildFile; fileRef = F808D8201A95CFA90006FC17 /* LaunchScreen.xib */; };
		F808D82E1A95CFA90006FC17 /* SFU_OnCampusTests.m in Sources */ = {isa = PBXBuildFile; fileRef = F808D82D1A95CFA90006FC17 /* SFU_OnCampusTests.m */; };
		F8477E941A99626200152C83 /* SFUWebViewController.m in Sources */ = {isa = PBXBuildFile; fileRef = F8477E931A99626200152C83 /* SFUWebViewController.m */; };
		F8A28D2B1A994D5700CD5829 /* Main.storyboard in Resources */ = {isa = PBXBuildFile; fileRef = F8A28D291A994D5700CD5829 /* Main.storyboard */; };
		F8A28D2E1A995A0200CD5829 /* SFUWebListController.m in Sources */ = {isa = PBXBuildFile; fileRef = F8A28D2D1A995A0200CD5829 /* SFUWebListController.m */; };
/* End PBXBuildFile section */

/* Begin PBXContainerItemProxy section */
		F808D8281A95CFA90006FC17 /* PBXContainerItemProxy */ = {
			isa = PBXContainerItemProxy;
			containerPortal = F808D8031A95CFA90006FC17 /* Project object */;
			proxyType = 1;
			remoteGlobalIDString = F808D80A1A95CFA90006FC17;
			remoteInfo = "SFU OnCampus";
		};
/* End PBXContainerItemProxy section */

/* Begin PBXFileReference section */
		F19EEA711A9D591600E89A09 /* SFUStudentServiceURLs.plist */ = {isa = PBXFileReference; fileEncoding = 4; lastKnownFileType = text.plist.xml; path = SFUStudentServiceURLs.plist; sourceTree = "<group>"; };
		F808D80B1A95CFA90006FC17 /* SFU OnCampus.app */ = {isa = PBXFileReference; explicitFileType = wrapper.application; includeInIndex = 0; path = "SFU OnCampus.app"; sourceTree = BUILT_PRODUCTS_DIR; };
		F808D80F1A95CFA90006FC17 /* Info.plist */ = {isa = PBXFileReference; lastKnownFileType = text.plist.xml; path = Info.plist; sourceTree = "<group>"; };
		F808D8101A95CFA90006FC17 /* main.m */ = {isa = PBXFileReference; lastKnownFileType = sourcecode.c.objc; path = main.m; sourceTree = "<group>"; };
		F808D8121A95CFA90006FC17 /* AppDelegate.h */ = {isa = PBXFileReference; lastKnownFileType = sourcecode.c.h; path = AppDelegate.h; sourceTree = "<group>"; };
		F808D8131A95CFA90006FC17 /* AppDelegate.m */ = {isa = PBXFileReference; lastKnownFileType = sourcecode.c.objc; path = AppDelegate.m; sourceTree = "<group>"; };
		F808D8151A95CFA90006FC17 /* MasterViewController.h */ = {isa = PBXFileReference; lastKnownFileType = sourcecode.c.h; path = MasterViewController.h; sourceTree = "<group>"; };
		F808D8161A95CFA90006FC17 /* MasterViewController.m */ = {isa = PBXFileReference; lastKnownFileType = sourcecode.c.objc; path = MasterViewController.m; sourceTree = "<group>"; };
		F808D8181A95CFA90006FC17 /* DetailViewController.h */ = {isa = PBXFileReference; lastKnownFileType = sourcecode.c.h; path = DetailViewController.h; sourceTree = "<group>"; };
		F808D8191A95CFA90006FC17 /* DetailViewController.m */ = {isa = PBXFileReference; lastKnownFileType = sourcecode.c.objc; path = DetailViewController.m; sourceTree = "<group>"; };
		F808D81E1A95CFA90006FC17 /* Images.xcassets */ = {isa = PBXFileReference; lastKnownFileType = folder.assetcatalog; path = Images.xcassets; sourceTree = "<group>"; };
		F808D8211A95CFA90006FC17 /* Base */ = {isa = PBXFileReference; lastKnownFileType = file.xib; name = Base; path = Base.lproj/LaunchScreen.xib; sourceTree = "<group>"; };
		F808D8271A95CFA90006FC17 /* SFU OnCampusTests.xctest */ = {isa = PBXFileReference; explicitFileType = wrapper.cfbundle; includeInIndex = 0; path = "SFU OnCampusTests.xctest"; sourceTree = BUILT_PRODUCTS_DIR; };
		F808D82C1A95CFA90006FC17 /* Info.plist */ = {isa = PBXFileReference; lastKnownFileType = text.plist.xml; path = Info.plist; sourceTree = "<group>"; };
		F808D82D1A95CFA90006FC17 /* SFU_OnCampusTests.m */ = {isa = PBXFileReference; lastKnownFileType = sourcecode.c.objc; path = SFU_OnCampusTests.m; sourceTree = "<group>"; };
		F8477E921A99626200152C83 /* SFUWebViewController.h */ = {isa = PBXFileReference; fileEncoding = 4; lastKnownFileType = sourcecode.c.h; path = SFUWebViewController.h; sourceTree = "<group>"; };
		F8477E931A99626200152C83 /* SFUWebViewController.m */ = {isa = PBXFileReference; fileEncoding = 4; lastKnownFileType = sourcecode.c.objc; path = SFUWebViewController.m; sourceTree = "<group>"; };
		F8A28D2A1A994D5700CD5829 /* Base */ = {isa = PBXFileReference; lastKnownFileType = file.storyboard; name = Base; path = "SFU OnCampus/Base.lproj/Main.storyboard"; sourceTree = "<group>"; };
		F8A28D2C1A995A0200CD5829 /* SFUWebListController.h */ = {isa = PBXFileReference; fileEncoding = 4; lastKnownFileType = sourcecode.c.h; path = SFUWebListController.h; sourceTree = "<group>"; };
		F8A28D2D1A995A0200CD5829 /* SFUWebListController.m */ = {isa = PBXFileReference; fileEncoding = 4; lastKnownFileType = sourcecode.c.objc; path = SFUWebListController.m; sourceTree = "<group>"; };
/* End PBXFileReference section */

/* Begin PBXFrameworksBuildPhase section */
		F808D8081A95CFA90006FC17 /* Frameworks */ = {
			isa = PBXFrameworksBuildPhase;
			buildActionMask = 2147483647;
			files = (
			);
			runOnlyForDeploymentPostprocessing = 0;
		};
		F808D8241A95CFA90006FC17 /* Frameworks */ = {
			isa = PBXFrameworksBuildPhase;
			buildActionMask = 2147483647;
			files = (
			);
			runOnlyForDeploymentPostprocessing = 0;
		};
/* End PBXFrameworksBuildPhase section */

/* Begin PBXGroup section */
		F808D8021A95CFA90006FC17 = {
			isa = PBXGroup;
			children = (
				F808D80D1A95CFA90006FC17 /* SFU OnCampus */,
				F808D82A1A95CFA90006FC17 /* SFU OnCampusTests */,
				F808D80C1A95CFA90006FC17 /* Products */,
			);
			sourceTree = "<group>";
		};
		F808D80C1A95CFA90006FC17 /* Products */ = {
			isa = PBXGroup;
			children = (
				F808D80B1A95CFA90006FC17 /* SFU OnCampus.app */,
				F808D8271A95CFA90006FC17 /* SFU OnCampusTests.xctest */,
			);
			name = Products;
			sourceTree = "<group>";
		};
		F808D80D1A95CFA90006FC17 /* SFU OnCampus */ = {
			isa = PBXGroup;
			children = (
				F8A28D291A994D5700CD5829 /* Main.storyboard */,
				F8477E921A99626200152C83 /* SFUWebViewController.h */,
				F8477E931A99626200152C83 /* SFUWebViewController.m */,
				F8A28D2C1A995A0200CD5829 /* SFUWebListController.h */,
				F8A28D2D1A995A0200CD5829 /* SFUWebListController.m */,
				F808D8121A95CFA90006FC17 /* AppDelegate.h */,
				F808D8131A95CFA90006FC17 /* AppDelegate.m */,
				F808D8151A95CFA90006FC17 /* MasterViewController.h */,
				F808D8161A95CFA90006FC17 /* MasterViewController.m */,
				F808D8181A95CFA90006FC17 /* DetailViewController.h */,
				F808D8191A95CFA90006FC17 /* DetailViewController.m */,
				F808D81E1A95CFA90006FC17 /* Images.xcassets */,
				F808D8201A95CFA90006FC17 /* LaunchScreen.xib */,
				F808D80E1A95CFA90006FC17 /* Supporting Files */,
				F19EEA711A9D591600E89A09 /* SFUStudentServiceURLs.plist */,
			);
			path = "SFU OnCampus";
			sourceTree = "<group>";
		};
		F808D80E1A95CFA90006FC17 /* Supporting Files */ = {
			isa = PBXGroup;
			children = (
				F808D80F1A95CFA90006FC17 /* Info.plist */,
				F808D8101A95CFA90006FC17 /* main.m */,
			);
			name = "Supporting Files";
			sourceTree = "<group>";
		};
		F808D82A1A95CFA90006FC17 /* SFU OnCampusTests */ = {
			isa = PBXGroup;
			children = (
				F808D82D1A95CFA90006FC17 /* SFU_OnCampusTests.m */,
				F808D82B1A95CFA90006FC17 /* Supporting Files */,
			);
			path = "SFU OnCampusTests";
			sourceTree = "<group>";
		};
		F808D82B1A95CFA90006FC17 /* Supporting Files */ = {
			isa = PBXGroup;
			children = (
				F808D82C1A95CFA90006FC17 /* Info.plist */,
			);
			name = "Supporting Files";
			sourceTree = "<group>";
		};
/* End PBXGroup section */

/* Begin PBXNativeTarget section */
		F808D80A1A95CFA90006FC17 /* SFU OnCampus */ = {
			isa = PBXNativeTarget;
			buildConfigurationList = F808D8311A95CFA90006FC17 /* Build configuration list for PBXNativeTarget "SFU OnCampus" */;
			buildPhases = (
				F808D8071A95CFA90006FC17 /* Sources */,
				F808D8081A95CFA90006FC17 /* Frameworks */,
				F808D8091A95CFA90006FC17 /* Resources */,
			);
			buildRules = (
			);
			dependencies = (
			);
			name = "SFU OnCampus";
			productName = "SFU OnCampus";
			productReference = F808D80B1A95CFA90006FC17 /* SFU OnCampus.app */;
			productType = "com.apple.product-type.application";
		};
		F808D8261A95CFA90006FC17 /* SFU OnCampusTests */ = {
			isa = PBXNativeTarget;
			buildConfigurationList = F808D8341A95CFA90006FC17 /* Build configuration list for PBXNativeTarget "SFU OnCampusTests" */;
			buildPhases = (
				F808D8231A95CFA90006FC17 /* Sources */,
				F808D8241A95CFA90006FC17 /* Frameworks */,
				F808D8251A95CFA90006FC17 /* Resources */,
			);
			buildRules = (
			);
			dependencies = (
				F808D8291A95CFA90006FC17 /* PBXTargetDependency */,
			);
			name = "SFU OnCampusTests";
			productName = "SFU OnCampusTests";
			productReference = F808D8271A95CFA90006FC17 /* SFU OnCampusTests.xctest */;
			productType = "com.apple.product-type.bundle.unit-test";
		};
/* End PBXNativeTarget section */

/* Begin PBXProject section */
		F808D8031A95CFA90006FC17 /* Project object */ = {
			isa = PBXProject;
			attributes = {
				LastUpgradeCheck = 0610;
				ORGANIZATIONNAME = "Simon Fraser University";
				TargetAttributes = {
					F808D80A1A95CFA90006FC17 = {
						CreatedOnToolsVersion = 6.1.1;
					};
					F808D8261A95CFA90006FC17 = {
						CreatedOnToolsVersion = 6.1.1;
						TestTargetID = F808D80A1A95CFA90006FC17;
					};
				};
			};
			buildConfigurationList = F808D8061A95CFA90006FC17 /* Build configuration list for PBXProject "SFU OnCampus" */;
			compatibilityVersion = "Xcode 3.2";
			developmentRegion = English;
			hasScannedForEncodings = 0;
			knownRegions = (
				en,
				Base,
			);
			mainGroup = F808D8021A95CFA90006FC17;
			productRefGroup = F808D80C1A95CFA90006FC17 /* Products */;
			projectDirPath = "";
			projectRoot = "";
			targets = (
				F808D80A1A95CFA90006FC17 /* SFU OnCampus */,
				F808D8261A95CFA90006FC17 /* SFU OnCampusTests */,
			);
		};
/* End PBXProject section */

/* Begin PBXResourcesBuildPhase section */
		F808D8091A95CFA90006FC17 /* Resources */ = {
			isa = PBXResourcesBuildPhase;
			buildActionMask = 2147483647;
			files = (
				F8A28D2B1A994D5700CD5829 /* Main.storyboard in Resources */,
				F19EEA721A9D591600E89A09 /* SFUStudentServiceURLs.plist in Resources */,
				F808D8221A95CFA90006FC17 /* LaunchScreen.xib in Resources */,
				F808D81F1A95CFA90006FC17 /* Images.xcassets in Resources */,
			);
			runOnlyForDeploymentPostprocessing = 0;
		};
		F808D8251A95CFA90006FC17 /* Resources */ = {
			isa = PBXResourcesBuildPhase;
			buildActionMask = 2147483647;
			files = (
			);
			runOnlyForDeploymentPostprocessing = 0;
		};
/* End PBXResourcesBuildPhase section */

/* Begin PBXSourcesBuildPhase section */
		F808D8071A95CFA90006FC17 /* Sources */ = {
			isa = PBXSourcesBuildPhase;
			buildActionMask = 2147483647;
			files = (
				F808D8141A95CFA90006FC17 /* AppDelegate.m in Sources */,
				F808D8171A95CFA90006FC17 /* MasterViewController.m in Sources */,
				F8477E941A99626200152C83 /* SFUWebViewController.m in Sources */,
				F8A28D2E1A995A0200CD5829 /* SFUWebListController.m in Sources */,
				F808D8111A95CFA90006FC17 /* main.m in Sources */,
				F808D81A1A95CFA90006FC17 /* DetailViewController.m in Sources */,
			);
			runOnlyForDeploymentPostprocessing = 0;
		};
		F808D8231A95CFA90006FC17 /* Sources */ = {
			isa = PBXSourcesBuildPhase;
			buildActionMask = 2147483647;
			files = (
				F808D82E1A95CFA90006FC17 /* SFU_OnCampusTests.m in Sources */,
			);
			runOnlyForDeploymentPostprocessing = 0;
		};
/* End PBXSourcesBuildPhase section */

/* Begin PBXTargetDependency section */
		F808D8291A95CFA90006FC17 /* PBXTargetDependency */ = {
			isa = PBXTargetDependency;
			target = F808D80A1A95CFA90006FC17 /* SFU OnCampus */;
			targetProxy = F808D8281A95CFA90006FC17 /* PBXContainerItemProxy */;
		};
/* End PBXTargetDependency section */

/* Begin PBXVariantGroup section */
		F808D8201A95CFA90006FC17 /* LaunchScreen.xib */ = {
			isa = PBXVariantGroup;
			children = (
				F808D8211A95CFA90006FC17 /* Base */,
			);
			name = LaunchScreen.xib;
			sourceTree = "<group>";
		};
		F8A28D291A994D5700CD5829 /* Main.storyboard */ = {
			isa = PBXVariantGroup;
			children = (
				F8A28D2A1A994D5700CD5829 /* Base */,
			);
			name = Main.storyboard;
			path = ..;
			sourceTree = "<group>";
		};
/* End PBXVariantGroup section */

/* Begin XCBuildConfiguration section */
		F808D82F1A95CFA90006FC17 /* Debug */ = {
			isa = XCBuildConfiguration;
			buildSettings = {
				ALWAYS_SEARCH_USER_PATHS = NO;
				CLANG_CXX_LANGUAGE_STANDARD = "gnu++0x";
				CLANG_CXX_LIBRARY = "libc++";
				CLANG_ENABLE_MODULES = YES;
				CLANG_ENABLE_OBJC_ARC = YES;
				CLANG_WARN_BOOL_CONVERSION = YES;
				CLANG_WARN_CONSTANT_CONVERSION = YES;
				CLANG_WARN_DIRECT_OBJC_ISA_USAGE = YES_ERROR;
				CLANG_WARN_EMPTY_BODY = YES;
				CLANG_WARN_ENUM_CONVERSION = YES;
				CLANG_WARN_INT_CONVERSION = YES;
				CLANG_WARN_OBJC_ROOT_CLASS = YES_ERROR;
				CLANG_WARN_UNREACHABLE_CODE = YES;
				CLANG_WARN__DUPLICATE_METHOD_MATCH = YES;
				"CODE_SIGN_IDENTITY[sdk=iphoneos*]" = "iPhone Developer";
				COPY_PHASE_STRIP = NO;
				ENABLE_STRICT_OBJC_MSGSEND = YES;
				GCC_C_LANGUAGE_STANDARD = gnu99;
				GCC_DYNAMIC_NO_PIC = NO;
				GCC_OPTIMIZATION_LEVEL = 0;
				GCC_PREPROCESSOR_DEFINITIONS = (
					"DEBUG=1",
					"$(inherited)",
				);
				GCC_SYMBOLS_PRIVATE_EXTERN = NO;
				GCC_WARN_64_TO_32_BIT_CONVERSION = YES;
				GCC_WARN_ABOUT_RETURN_TYPE = YES_ERROR;
				GCC_WARN_UNDECLARED_SELECTOR = YES;
				GCC_WARN_UNINITIALIZED_AUTOS = YES_AGGRESSIVE;
				GCC_WARN_UNUSED_FUNCTION = YES;
				GCC_WARN_UNUSED_VARIABLE = YES;
				IPHONEOS_DEPLOYMENT_TARGET = 8.1;
				MTL_ENABLE_DEBUG_INFO = YES;
				ONLY_ACTIVE_ARCH = YES;
				SDKROOT = iphoneos;
				TARGETED_DEVICE_FAMILY = "1,2";
			};
			name = Debug;
		};
		F808D8301A95CFA90006FC17 /* Release */ = {
			isa = XCBuildConfiguration;
			buildSettings = {
				ALWAYS_SEARCH_USER_PATHS = NO;
				CLANG_CXX_LANGUAGE_STANDARD = "gnu++0x";
				CLANG_CXX_LIBRARY = "libc++";
				CLANG_ENABLE_MODULES = YES;
				CLANG_ENABLE_OBJC_ARC = YES;
				CLANG_WARN_BOOL_CONVERSION = YES;
				CLANG_WARN_CONSTANT_CONVERSION = YES;
				CLANG_WARN_DIRECT_OBJC_ISA_USAGE = YES_ERROR;
				CLANG_WARN_EMPTY_BODY = YES;
				CLANG_WARN_ENUM_CONVERSION = YES;
				CLANG_WARN_INT_CONVERSION = YES;
				CLANG_WARN_OBJC_ROOT_CLASS = YES_ERROR;
				CLANG_WARN_UNREACHABLE_CODE = YES;
				CLANG_WARN__DUPLICATE_METHOD_MATCH = YES;
				"CODE_SIGN_IDENTITY[sdk=iphoneos*]" = "iPhone Developer";
				COPY_PHASE_STRIP = YES;
				ENABLE_NS_ASSERTIONS = NO;
				ENABLE_STRICT_OBJC_MSGSEND = YES;
				GCC_C_LANGUAGE_STANDARD = gnu99;
				GCC_WARN_64_TO_32_BIT_CONVERSION = YES;
				GCC_WARN_ABOUT_RETURN_TYPE = YES_ERROR;
				GCC_WARN_UNDECLARED_SELECTOR = YES;
				GCC_WARN_UNINITIALIZED_AUTOS = YES_AGGRESSIVE;
				GCC_WARN_UNUSED_FUNCTION = YES;
				GCC_WARN_UNUSED_VARIABLE = YES;
				IPHONEOS_DEPLOYMENT_TARGET = 8.1;
				MTL_ENABLE_DEBUG_INFO = NO;
				SDKROOT = iphoneos;
				TARGETED_DEVICE_FAMILY = "1,2";
				VALIDATE_PRODUCT = YES;
			};
			name = Release;
		};
		F808D8321A95CFA90006FC17 /* Debug */ = {
			isa = XCBuildConfiguration;
			buildSettings = {
				ASSETCATALOG_COMPILER_APPICON_NAME = AppIcon;
				INFOPLIST_FILE = "SFU OnCampus/Info.plist";
				LD_RUNPATH_SEARCH_PATHS = "$(inherited) @executable_path/Frameworks";
				PRODUCT_NAME = "$(TARGET_NAME)";
			};
			name = Debug;
		};
		F808D8331A95CFA90006FC17 /* Release */ = {
			isa = XCBuildConfiguration;
			buildSettings = {
				ASSETCATALOG_COMPILER_APPICON_NAME = AppIcon;
				INFOPLIST_FILE = "SFU OnCampus/Info.plist";
				LD_RUNPATH_SEARCH_PATHS = "$(inherited) @executable_path/Frameworks";
				PRODUCT_NAME = "$(TARGET_NAME)";
			};
			name = Release;
		};
		F808D8351A95CFA90006FC17 /* Debug */ = {
			isa = XCBuildConfiguration;
			buildSettings = {
				BUNDLE_LOADER = "$(TEST_HOST)";
				FRAMEWORK_SEARCH_PATHS = (
					"$(SDKROOT)/Developer/Library/Frameworks",
					"$(inherited)",
				);
				GCC_PREPROCESSOR_DEFINITIONS = (
					"DEBUG=1",
					"$(inherited)",
				);
				INFOPLIST_FILE = "SFU OnCampusTests/Info.plist";
				LD_RUNPATH_SEARCH_PATHS = "$(inherited) @executable_path/Frameworks @loader_path/Frameworks";
				PRODUCT_NAME = "$(TARGET_NAME)";
				TEST_HOST = "$(BUILT_PRODUCTS_DIR)/SFU OnCampus.app/SFU OnCampus";
			};
			name = Debug;
		};
		F808D8361A95CFA90006FC17 /* Release */ = {
			isa = XCBuildConfiguration;
			buildSettings = {
				BUNDLE_LOADER = "$(TEST_HOST)";
				FRAMEWORK_SEARCH_PATHS = (
					"$(SDKROOT)/Developer/Library/Frameworks",
					"$(inherited)",
				);
				INFOPLIST_FILE = "SFU OnCampusTests/Info.plist";
				LD_RUNPATH_SEARCH_PATHS = "$(inherited) @executable_path/Frameworks @loader_path/Frameworks";
				PRODUCT_NAME = "$(TARGET_NAME)";
				TEST_HOST = "$(BUILT_PRODUCTS_DIR)/SFU OnCampus.app/SFU OnCampus";
			};
			name = Release;
		};
/* End XCBuildConfiguration section */

/* Begin XCConfigurationList section */
		F808D8061A95CFA90006FC17 /* Build configuration list for PBXProject "SFU OnCampus" */ = {
			isa = XCConfigurationList;
			buildConfigurations = (
				F808D82F1A95CFA90006FC17 /* Debug */,
				F808D8301A95CFA90006FC17 /* Release */,
			);
			defaultConfigurationIsVisible = 0;
			defaultConfigurationName = Release;
		};
		F808D8311A95CFA90006FC17 /* Build configuration list for PBXNativeTarget "SFU OnCampus" */ = {
			isa = XCConfigurationList;
			buildConfigurations = (
				F808D8321A95CFA90006FC17 /* Debug */,
				F808D8331A95CFA90006FC17 /* Release */,
			);
			defaultConfigurationIsVisible = 0;
			defaultConfigurationName = Release;
		};
		F808D8341A95CFA90006FC17 /* Build configuration list for PBXNativeTarget "SFU OnCampusTests" */ = {
			isa = XCConfigurationList;
			buildConfigurations = (
				F808D8351A95CFA90006FC17 /* Debug */,
				F808D8361A95CFA90006FC17 /* Release */,
			);
			defaultConfigurationIsVisible = 0;
			defaultConfigurationName = Release;
		};
/* End XCConfigurationList section */
	};
	rootObject = F808D8031A95CFA90006FC17 /* Project object */;
}
