// !$*UTF8*$!
{
	archiveVersion = 1;
	classes = {
	};
	objectVersion = 46;
	objects = {

/* Begin PBXBuildFile section */
		049F81801AB4D76600D84F4D /* Library.storyboard in Resources */ = {isa = PBXBuildFile; fileRef = 049F817F1AB4D76600D84F4D /* Library.storyboard */; };
		049F81831AB4D83100D84F4D /* SFULibraryViewController.m in Sources */ = {isa = PBXBuildFile; fileRef = 049F81821AB4D83100D84F4D /* SFULibraryViewController.m */; };
		049F81861AB4D8AA00D84F4D /* SFULibraryCell.m in Sources */ = {isa = PBXBuildFile; fileRef = 049F81851AB4D8AA00D84F4D /* SFULibraryCell.m */; };
		F824408E1AB35438006D5C8B /* AVFoundation.framework in Frameworks */ = {isa = PBXBuildFile; fileRef = F824408D1AB35438006D5C8B /* AVFoundation.framework */; };
		F82440901AB354EB006D5C8B /* QRScan.storyboard in Resources */ = {isa = PBXBuildFile; fileRef = F824408F1AB354EA006D5C8B /* QRScan.storyboard */; };
		F82440951AB356F3006D5C8B /* SFUQRCaptureViewController.m in Sources */ = {isa = PBXBuildFile; fileRef = F82440941AB356F3006D5C8B /* SFUQRCaptureViewController.m */; };
		F82440981AB367CD006D5C8B /* SFUMapPOI.m in Sources */ = {isa = PBXBuildFile; fileRef = F82440971AB367CD006D5C8B /* SFUMapPOI.m */; };
		F824409A1AB3DA9B006D5C8B /* buildingDataCapture.txt in Resources */ = {isa = PBXBuildFile; fileRef = F82440991AB3DA9B006D5C8B /* buildingDataCapture.txt */; };
		F83A8C971AB59FA6007F134F /* SFUImageScrollerViewController.m in Sources */ = {isa = PBXBuildFile; fileRef = F83A8C961AB59FA6007F134F /* SFUImageScrollerViewController.m */; };
		F83A8C991AB5A44C007F134F /* Academic Quadrangle 3000 Level Keyplan-Layout1 Low.jpg in Resources */ = {isa = PBXBuildFile; fileRef = F83A8C981AB5A44C007F134F /* Academic Quadrangle 3000 Level Keyplan-Layout1 Low.jpg */; };
		F89FB44D1AAC533B004E8ADC /* main.m in Sources */ = {isa = PBXBuildFile; fileRef = F89FB44C1AAC533B004E8ADC /* main.m */; };
		F89FB4501AAC533B004E8ADC /* AppDelegate.m in Sources */ = {isa = PBXBuildFile; fileRef = F89FB44F1AAC533B004E8ADC /* AppDelegate.m */; };
		F89FB4531AAC533B004E8ADC /* ViewController.m in Sources */ = {isa = PBXBuildFile; fileRef = F89FB4521AAC533B004E8ADC /* ViewController.m */; };
		F89FB4561AAC533B004E8ADC /* Main.storyboard in Resources */ = {isa = PBXBuildFile; fileRef = F89FB4541AAC533B004E8ADC /* Main.storyboard */; };
		F89FB4581AAC533B004E8ADC /* Images.xcassets in Resources */ = {isa = PBXBuildFile; fileRef = F89FB4571AAC533B004E8ADC /* Images.xcassets */; };
		F89FB45B1AAC533B004E8ADC /* LaunchScreen.xib in Resources */ = {isa = PBXBuildFile; fileRef = F89FB4591AAC533B004E8ADC /* LaunchScreen.xib */; };
		F89FB4671AAC533C004E8ADC /* Multi_StoryboardTests.m in Sources */ = {isa = PBXBuildFile; fileRef = F89FB4661AAC533C004E8ADC /* Multi_StoryboardTests.m */; };
		F89FB4751AAC5580004E8ADC /* Social.storyboard in Resources */ = {isa = PBXBuildFile; fileRef = F89FB4741AAC5580004E8ADC /* Social.storyboard */; };
		F89FB4781AAC56FD004E8ADC /* SFUStoryboardListTableViewController.m in Sources */ = {isa = PBXBuildFile; fileRef = F89FB4771AAC56FD004E8ADC /* SFUStoryboardListTableViewController.m */; };
		F89FB47B1AAC5770004E8ADC /* SFUStoryboardListModel.m in Sources */ = {isa = PBXBuildFile; fileRef = F89FB47A1AAC5770004E8ADC /* SFUStoryboardListModel.m */; };
		F89FB47D1AAC5B75004E8ADC /* storyboardlist.plist in Resources */ = {isa = PBXBuildFile; fileRef = F89FB47C1AAC5B75004E8ADC /* storyboardlist.plist */; };
		F89FB47F1AAC5F3D004E8ADC /* News.storyboard in Resources */ = {isa = PBXBuildFile; fileRef = F89FB47E1AAC5F3D004E8ADC /* News.storyboard */; };
		F89FB4811AACE31F004E8ADC /* Weather.storyboard in Resources */ = {isa = PBXBuildFile; fileRef = F89FB4801AACE31F004E8ADC /* Weather.storyboard */; };
		F89FB4841AACE474004E8ADC /* SFUHourlyForecastTableViewController.m in Sources */ = {isa = PBXBuildFile; fileRef = F89FB4831AACE474004E8ADC /* SFUHourlyForecastTableViewController.m */; };
		F89FB4871AACE4A4004E8ADC /* SFUHourlyForecastTableCell.m in Sources */ = {isa = PBXBuildFile; fileRef = F89FB4861AACE4A4004E8ADC /* SFUHourlyForecastTableCell.m */; };
		F8E0DD8C1AB32DAD001B8840 /* SFULocation.m in Sources */ = {isa = PBXBuildFile; fileRef = F8E0DD8B1AB32DAD001B8840 /* SFULocation.m */; };
		F8E0DD8F1AB33930001B8840 /* SFUBuildingListViewControllerTableViewController.m in Sources */ = {isa = PBXBuildFile; fileRef = F8E0DD8E1AB33930001B8840 /* SFUBuildingListViewControllerTableViewController.m */; };
		F8E0DD921AB33E6D001B8840 /* SFUShortCodeComposerViewController.m in Sources */ = {isa = PBXBuildFile; fileRef = F8E0DD911AB33E6D001B8840 /* SFUShortCodeComposerViewController.m */; };
		F8EB4B871AB2DD0300616182 /* buildingData.plist in Resources */ = {isa = PBXBuildFile; fileRef = F8EB4B861AB2DD0300616182 /* buildingData.plist */; };
		F8EB4BBA1AB2E2D400616182 /* SFUMapModel.m in Sources */ = {isa = PBXBuildFile; fileRef = F8EB4BB91AB2E2D400616182 /* SFUMapModel.m */; };
		F8EB4BBD1AB2EE5D00616182 /* SFUMapAnnotation.m in Sources */ = {isa = PBXBuildFile; fileRef = F8EB4BBC1AB2EE5D00616182 /* SFUMapAnnotation.m */; };
		F8EC34501AB2C4C000E80555 /* Map.storyboard in Resources */ = {isa = PBXBuildFile; fileRef = F8EC344F1AB2C4C000E80555 /* Map.storyboard */; };
		F8EC34531AB2C7F500E80555 /* SFUMapViewController.m in Sources */ = {isa = PBXBuildFile; fileRef = F8EC34521AB2C7F500E80555 /* SFUMapViewController.m */; };
		F8EC34551AB2CE8F00E80555 /* MapKit.framework in Frameworks */ = {isa = PBXBuildFile; fileRef = F8EC34541AB2CE8F00E80555 /* MapKit.framework */; };
		F8EC34571AB2CE9500E80555 /* CoreLocation.framework in Frameworks */ = {isa = PBXBuildFile; fileRef = F8EC34561AB2CE9500E80555 /* CoreLocation.framework */; };
		F8EC34591AB2D26000E80555 /* SFU_2013_10cm.jpg in Resources */ = {isa = PBXBuildFile; fileRef = F8EC34581AB2D26000E80555 /* SFU_2013_10cm.jpg */; };
/* End PBXBuildFile section */

/* Begin PBXContainerItemProxy section */
		F89FB4611AAC533C004E8ADC /* PBXContainerItemProxy */ = {
			isa = PBXContainerItemProxy;
			containerPortal = F89FB43F1AAC533B004E8ADC /* Project object */;
			proxyType = 1;
			remoteGlobalIDString = F89FB4461AAC533B004E8ADC;
			remoteInfo = "Multi Storyboard";
		};
/* End PBXContainerItemProxy section */

/* Begin PBXFileReference section */
		049F817F1AB4D76600D84F4D /* Library.storyboard */ = {isa = PBXFileReference; fileEncoding = 4; lastKnownFileType = file.storyboard; path = Library.storyboard; sourceTree = "<group>"; };
		049F81811AB4D83100D84F4D /* SFULibraryViewController.h */ = {isa = PBXFileReference; fileEncoding = 4; lastKnownFileType = sourcecode.c.h; path = SFULibraryViewController.h; sourceTree = "<group>"; };
		049F81821AB4D83100D84F4D /* SFULibraryViewController.m */ = {isa = PBXFileReference; fileEncoding = 4; lastKnownFileType = sourcecode.c.objc; path = SFULibraryViewController.m; sourceTree = "<group>"; };
		049F81841AB4D8AA00D84F4D /* SFULibraryCell.h */ = {isa = PBXFileReference; fileEncoding = 4; lastKnownFileType = sourcecode.c.h; path = SFULibraryCell.h; sourceTree = "<group>"; };
		049F81851AB4D8AA00D84F4D /* SFULibraryCell.m */ = {isa = PBXFileReference; fileEncoding = 4; lastKnownFileType = sourcecode.c.objc; path = SFULibraryCell.m; sourceTree = "<group>"; };
		F824408B1AB353EE006D5C8B /* AVKit.framework */ = {isa = PBXFileReference; lastKnownFileType = wrapper.framework; name = AVKit.framework; path = System/Library/Frameworks/AVKit.framework; sourceTree = SDKROOT; };
		F824408D1AB35438006D5C8B /* AVFoundation.framework */ = {isa = PBXFileReference; lastKnownFileType = wrapper.framework; name = AVFoundation.framework; path = System/Library/Frameworks/AVFoundation.framework; sourceTree = SDKROOT; };
		F824408F1AB354EA006D5C8B /* QRScan.storyboard */ = {isa = PBXFileReference; fileEncoding = 4; lastKnownFileType = file.storyboard; name = QRScan.storyboard; path = "Multi Storyboard/QRScan.storyboard"; sourceTree = "<group>"; };
		F82440931AB356F3006D5C8B /* SFUQRCaptureViewController.h */ = {isa = PBXFileReference; fileEncoding = 4; lastKnownFileType = sourcecode.c.h; name = SFUQRCaptureViewController.h; path = "Multi Storyboard/SFUQRCaptureViewController.h"; sourceTree = "<group>"; };
		F82440941AB356F3006D5C8B /* SFUQRCaptureViewController.m */ = {isa = PBXFileReference; fileEncoding = 4; lastKnownFileType = sourcecode.c.objc; name = SFUQRCaptureViewController.m; path = "Multi Storyboard/SFUQRCaptureViewController.m"; sourceTree = "<group>"; };
		F82440961AB367CD006D5C8B /* SFUMapPOI.h */ = {isa = PBXFileReference; fileEncoding = 4; lastKnownFileType = sourcecode.c.h; path = SFUMapPOI.h; sourceTree = "<group>"; };
		F82440971AB367CD006D5C8B /* SFUMapPOI.m */ = {isa = PBXFileReference; fileEncoding = 4; lastKnownFileType = sourcecode.c.objc; path = SFUMapPOI.m; sourceTree = "<group>"; };
		F82440991AB3DA9B006D5C8B /* buildingDataCapture.txt */ = {isa = PBXFileReference; fileEncoding = 4; lastKnownFileType = text; path = buildingDataCapture.txt; sourceTree = "<group>"; };
		F83A8C951AB59FA6007F134F /* SFUImageScrollerViewController.h */ = {isa = PBXFileReference; fileEncoding = 4; lastKnownFileType = sourcecode.c.h; path = SFUImageScrollerViewController.h; sourceTree = "<group>"; };
		F83A8C961AB59FA6007F134F /* SFUImageScrollerViewController.m */ = {isa = PBXFileReference; fileEncoding = 4; lastKnownFileType = sourcecode.c.objc; path = SFUImageScrollerViewController.m; sourceTree = "<group>"; };
		F83A8C981AB5A44C007F134F /* Academic Quadrangle 3000 Level Keyplan-Layout1 Low.jpg */ = {isa = PBXFileReference; lastKnownFileType = image.jpeg; name = "Academic Quadrangle 3000 Level Keyplan-Layout1 Low.jpg"; path = "../../../../../../Academic Quadrangle 3000 Level Keyplan-Layout1 Low.jpg"; sourceTree = "<group>"; };
		F89FB4471AAC533B004E8ADC /* Multi Storyboard.app */ = {isa = PBXFileReference; explicitFileType = wrapper.application; includeInIndex = 0; path = "Multi Storyboard.app"; sourceTree = BUILT_PRODUCTS_DIR; };
		F89FB44B1AAC533B004E8ADC /* Info.plist */ = {isa = PBXFileReference; lastKnownFileType = text.plist.xml; path = Info.plist; sourceTree = "<group>"; };
		F89FB44C1AAC533B004E8ADC /* main.m */ = {isa = PBXFileReference; lastKnownFileType = sourcecode.c.objc; path = main.m; sourceTree = "<group>"; };
		F89FB44E1AAC533B004E8ADC /* AppDelegate.h */ = {isa = PBXFileReference; lastKnownFileType = sourcecode.c.h; path = AppDelegate.h; sourceTree = "<group>"; };
		F89FB44F1AAC533B004E8ADC /* AppDelegate.m */ = {isa = PBXFileReference; lastKnownFileType = sourcecode.c.objc; path = AppDelegate.m; sourceTree = "<group>"; };
		F89FB4511AAC533B004E8ADC /* ViewController.h */ = {isa = PBXFileReference; lastKnownFileType = sourcecode.c.h; path = ViewController.h; sourceTree = "<group>"; };
		F89FB4521AAC533B004E8ADC /* ViewController.m */ = {isa = PBXFileReference; lastKnownFileType = sourcecode.c.objc; path = ViewController.m; sourceTree = "<group>"; };
		F89FB4551AAC533B004E8ADC /* Base */ = {isa = PBXFileReference; lastKnownFileType = file.storyboard; name = Base; path = Base.lproj/Main.storyboard; sourceTree = "<group>"; };
		F89FB4571AAC533B004E8ADC /* Images.xcassets */ = {isa = PBXFileReference; lastKnownFileType = folder.assetcatalog; path = Images.xcassets; sourceTree = "<group>"; };
		F89FB45A1AAC533B004E8ADC /* Base */ = {isa = PBXFileReference; lastKnownFileType = file.xib; name = Base; path = Base.lproj/LaunchScreen.xib; sourceTree = "<group>"; };
		F89FB4601AAC533C004E8ADC /* Multi StoryboardTests.xctest */ = {isa = PBXFileReference; explicitFileType = wrapper.cfbundle; includeInIndex = 0; path = "Multi StoryboardTests.xctest"; sourceTree = BUILT_PRODUCTS_DIR; };
		F89FB4651AAC533C004E8ADC /* Info.plist */ = {isa = PBXFileReference; lastKnownFileType = text.plist.xml; path = Info.plist; sourceTree = "<group>"; };
		F89FB4661AAC533C004E8ADC /* Multi_StoryboardTests.m */ = {isa = PBXFileReference; lastKnownFileType = sourcecode.c.objc; path = Multi_StoryboardTests.m; sourceTree = "<group>"; };
		F89FB4741AAC5580004E8ADC /* Social.storyboard */ = {isa = PBXFileReference; fileEncoding = 4; lastKnownFileType = file.storyboard; path = Social.storyboard; sourceTree = "<group>"; };
		F89FB4761AAC56FD004E8ADC /* SFUStoryboardListTableViewController.h */ = {isa = PBXFileReference; fileEncoding = 4; lastKnownFileType = sourcecode.c.h; path = SFUStoryboardListTableViewController.h; sourceTree = "<group>"; };
		F89FB4771AAC56FD004E8ADC /* SFUStoryboardListTableViewController.m */ = {isa = PBXFileReference; fileEncoding = 4; lastKnownFileType = sourcecode.c.objc; path = SFUStoryboardListTableViewController.m; sourceTree = "<group>"; };
		F89FB4791AAC5770004E8ADC /* SFUStoryboardListModel.h */ = {isa = PBXFileReference; fileEncoding = 4; lastKnownFileType = sourcecode.c.h; path = SFUStoryboardListModel.h; sourceTree = "<group>"; };
		F89FB47A1AAC5770004E8ADC /* SFUStoryboardListModel.m */ = {isa = PBXFileReference; fileEncoding = 4; lastKnownFileType = sourcecode.c.objc; path = SFUStoryboardListModel.m; sourceTree = "<group>"; };
		F89FB47C1AAC5B75004E8ADC /* storyboardlist.plist */ = {isa = PBXFileReference; fileEncoding = 4; lastKnownFileType = text.plist.xml; path = storyboardlist.plist; sourceTree = "<group>"; };
		F89FB47E1AAC5F3D004E8ADC /* News.storyboard */ = {isa = PBXFileReference; fileEncoding = 4; lastKnownFileType = file.storyboard; path = News.storyboard; sourceTree = "<group>"; };
		F89FB4801AACE31F004E8ADC /* Weather.storyboard */ = {isa = PBXFileReference; fileEncoding = 4; lastKnownFileType = file.storyboard; path = Weather.storyboard; sourceTree = "<group>"; };
		F89FB4821AACE474004E8ADC /* SFUHourlyForecastTableViewController.h */ = {isa = PBXFileReference; fileEncoding = 4; lastKnownFileType = sourcecode.c.h; path = SFUHourlyForecastTableViewController.h; sourceTree = "<group>"; };
		F89FB4831AACE474004E8ADC /* SFUHourlyForecastTableViewController.m */ = {isa = PBXFileReference; fileEncoding = 4; lastKnownFileType = sourcecode.c.objc; path = SFUHourlyForecastTableViewController.m; sourceTree = "<group>"; };
		F89FB4851AACE4A4004E8ADC /* SFUHourlyForecastTableCell.h */ = {isa = PBXFileReference; fileEncoding = 4; lastKnownFileType = sourcecode.c.h; path = SFUHourlyForecastTableCell.h; sourceTree = "<group>"; };
		F89FB4861AACE4A4004E8ADC /* SFUHourlyForecastTableCell.m */ = {isa = PBXFileReference; fileEncoding = 4; lastKnownFileType = sourcecode.c.objc; path = SFUHourlyForecastTableCell.m; sourceTree = "<group>"; };
		F8E0DD8A1AB32DAD001B8840 /* SFULocation.h */ = {isa = PBXFileReference; fileEncoding = 4; lastKnownFileType = sourcecode.c.h; path = SFULocation.h; sourceTree = "<group>"; };
		F8E0DD8B1AB32DAD001B8840 /* SFULocation.m */ = {isa = PBXFileReference; fileEncoding = 4; lastKnownFileType = sourcecode.c.objc; path = SFULocation.m; sourceTree = "<group>"; };
		F8E0DD8D1AB33930001B8840 /* SFUBuildingListViewControllerTableViewController.h */ = {isa = PBXFileReference; fileEncoding = 4; lastKnownFileType = sourcecode.c.h; path = SFUBuildingListViewControllerTableViewController.h; sourceTree = "<group>"; };
		F8E0DD8E1AB33930001B8840 /* SFUBuildingListViewControllerTableViewController.m */ = {isa = PBXFileReference; fileEncoding = 4; lastKnownFileType = sourcecode.c.objc; path = SFUBuildingListViewControllerTableViewController.m; sourceTree = "<group>"; };
		F8E0DD901AB33E6D001B8840 /* SFUShortCodeComposerViewController.h */ = {isa = PBXFileReference; fileEncoding = 4; lastKnownFileType = sourcecode.c.h; path = SFUShortCodeComposerViewController.h; sourceTree = "<group>"; };
		F8E0DD911AB33E6D001B8840 /* SFUShortCodeComposerViewController.m */ = {isa = PBXFileReference; fileEncoding = 4; lastKnownFileType = sourcecode.c.objc; path = SFUShortCodeComposerViewController.m; sourceTree = "<group>"; };
		F8EB4B861AB2DD0300616182 /* buildingData.plist */ = {isa = PBXFileReference; fileEncoding = 4; lastKnownFileType = text.plist.xml; path = buildingData.plist; sourceTree = "<group>"; };
		F8EB4BB81AB2E2D400616182 /* SFUMapModel.h */ = {isa = PBXFileReference; fileEncoding = 4; lastKnownFileType = sourcecode.c.h; path = SFUMapModel.h; sourceTree = "<group>"; };
		F8EB4BB91AB2E2D400616182 /* SFUMapModel.m */ = {isa = PBXFileReference; fileEncoding = 4; lastKnownFileType = sourcecode.c.objc; path = SFUMapModel.m; sourceTree = "<group>"; };
		F8EB4BBB1AB2EE5D00616182 /* SFUMapAnnotation.h */ = {isa = PBXFileReference; fileEncoding = 4; lastKnownFileType = sourcecode.c.h; path = SFUMapAnnotation.h; sourceTree = "<group>"; };
		F8EB4BBC1AB2EE5D00616182 /* SFUMapAnnotation.m */ = {isa = PBXFileReference; fileEncoding = 4; lastKnownFileType = sourcecode.c.objc; path = SFUMapAnnotation.m; sourceTree = "<group>"; };
		F8EC344F1AB2C4C000E80555 /* Map.storyboard */ = {isa = PBXFileReference; fileEncoding = 4; lastKnownFileType = file.storyboard; path = Map.storyboard; sourceTree = "<group>"; };
		F8EC34511AB2C7F400E80555 /* SFUMapViewController.h */ = {isa = PBXFileReference; fileEncoding = 4; lastKnownFileType = sourcecode.c.h; path = SFUMapViewController.h; sourceTree = "<group>"; };
		F8EC34521AB2C7F500E80555 /* SFUMapViewController.m */ = {isa = PBXFileReference; fileEncoding = 4; lastKnownFileType = sourcecode.c.objc; path = SFUMapViewController.m; sourceTree = "<group>"; };
		F8EC34541AB2CE8F00E80555 /* MapKit.framework */ = {isa = PBXFileReference; lastKnownFileType = wrapper.framework; name = MapKit.framework; path = System/Library/Frameworks/MapKit.framework; sourceTree = SDKROOT; };
		F8EC34561AB2CE9500E80555 /* CoreLocation.framework */ = {isa = PBXFileReference; lastKnownFileType = wrapper.framework; name = CoreLocation.framework; path = System/Library/Frameworks/CoreLocation.framework; sourceTree = SDKROOT; };
		F8EC34581AB2D26000E80555 /* SFU_2013_10cm.jpg */ = {isa = PBXFileReference; lastKnownFileType = image.jpeg; path = SFU_2013_10cm.jpg; sourceTree = "<group>"; };
/* End PBXFileReference section */

/* Begin PBXFrameworksBuildPhase section */
		F89FB4441AAC533B004E8ADC /* Frameworks */ = {
			isa = PBXFrameworksBuildPhase;
			buildActionMask = 2147483647;
			files = (
				F824408E1AB35438006D5C8B /* AVFoundation.framework in Frameworks */,
				F8EC34571AB2CE9500E80555 /* CoreLocation.framework in Frameworks */,
				F8EC34551AB2CE8F00E80555 /* MapKit.framework in Frameworks */,
			);
			runOnlyForDeploymentPostprocessing = 0;
		};
		F89FB45D1AAC533C004E8ADC /* Frameworks */ = {
			isa = PBXFrameworksBuildPhase;
			buildActionMask = 2147483647;
			files = (
			);
			runOnlyForDeploymentPostprocessing = 0;
		};
/* End PBXFrameworksBuildPhase section */

/* Begin PBXGroup section */
		049F817E1AB4D57D00D84F4D /* Library */ = {
			isa = PBXGroup;
			children = (
				049F817F1AB4D76600D84F4D /* Library.storyboard */,
				049F81811AB4D83100D84F4D /* SFULibraryViewController.h */,
				049F81821AB4D83100D84F4D /* SFULibraryViewController.m */,
				049F81841AB4D8AA00D84F4D /* SFULibraryCell.h */,
				049F81851AB4D8AA00D84F4D /* SFULibraryCell.m */,
			);
			name = Library;
			sourceTree = "<group>";
		};
		F89FB43E1AAC533B004E8ADC = {
			isa = PBXGroup;
			children = (
				049F817E1AB4D57D00D84F4D /* Library */,
				F82440931AB356F3006D5C8B /* SFUQRCaptureViewController.h */,
				F82440941AB356F3006D5C8B /* SFUQRCaptureViewController.m */,
				F824408F1AB354EA006D5C8B /* QRScan.storyboard */,
				F824408D1AB35438006D5C8B /* AVFoundation.framework */,
				F824408B1AB353EE006D5C8B /* AVKit.framework */,
				F8EC34561AB2CE9500E80555 /* CoreLocation.framework */,
				F8EC34541AB2CE8F00E80555 /* MapKit.framework */,
				F89FB4491AAC533B004E8ADC /* Multi Storyboard */,
				F89FB4631AAC533C004E8ADC /* Multi StoryboardTests */,
				F89FB4481AAC533B004E8ADC /* Products */,
			);
			sourceTree = "<group>";
		};
		F89FB4481AAC533B004E8ADC /* Products */ = {
			isa = PBXGroup;
			children = (
				F89FB4471AAC533B004E8ADC /* Multi Storyboard.app */,
				F89FB4601AAC533C004E8ADC /* Multi StoryboardTests.xctest */,
			);
			name = Products;
			sourceTree = "<group>";
		};
		F89FB4491AAC533B004E8ADC /* Multi Storyboard */ = {
			isa = PBXGroup;
			children = (
				F89FB44E1AAC533B004E8ADC /* AppDelegate.h */,
				F89FB44F1AAC533B004E8ADC /* AppDelegate.m */,
				F8EC34581AB2D26000E80555 /* SFU_2013_10cm.jpg */,
				F89FB4511AAC533B004E8ADC /* ViewController.h */,
				F89FB4521AAC533B004E8ADC /* ViewController.m */,
				F89FB4541AAC533B004E8ADC /* Main.storyboard */,
				F89FB4761AAC56FD004E8ADC /* SFUStoryboardListTableViewController.h */,
				F89FB4771AAC56FD004E8ADC /* SFUStoryboardListTableViewController.m */,
				F89FB47C1AAC5B75004E8ADC /* storyboardlist.plist */,
				F89FB4791AAC5770004E8ADC /* SFUStoryboardListModel.h */,
				F89FB47A1AAC5770004E8ADC /* SFUStoryboardListModel.m */,
				F89FB4571AAC533B004E8ADC /* Images.xcassets */,
				F89FB4591AAC533B004E8ADC /* LaunchScreen.xib */,
				F89FB44A1AAC533B004E8ADC /* Supporting Files */,
				F89FB4741AAC5580004E8ADC /* Social.storyboard */,
				F8E0DD931AB3402A001B8840 /* Map */,
				F89FB4801AACE31F004E8ADC /* Weather.storyboard */,
				F89FB4851AACE4A4004E8ADC /* SFUHourlyForecastTableCell.h */,
				F89FB4861AACE4A4004E8ADC /* SFUHourlyForecastTableCell.m */,
				F89FB4821AACE474004E8ADC /* SFUHourlyForecastTableViewController.h */,
				F89FB4831AACE474004E8ADC /* SFUHourlyForecastTableViewController.m */,
				F89FB47E1AAC5F3D004E8ADC /* News.storyboard */,
			);
			path = "Multi Storyboard";
			sourceTree = "<group>";
		};
		F89FB44A1AAC533B004E8ADC /* Supporting Files */ = {
			isa = PBXGroup;
			children = (
				F89FB44B1AAC533B004E8ADC /* Info.plist */,
				F89FB44C1AAC533B004E8ADC /* main.m */,
			);
			name = "Supporting Files";
			sourceTree = "<group>";
		};
		F89FB4631AAC533C004E8ADC /* Multi StoryboardTests */ = {
			isa = PBXGroup;
			children = (
				F89FB4661AAC533C004E8ADC /* Multi_StoryboardTests.m */,
				F89FB4641AAC533C004E8ADC /* Supporting Files */,
			);
			path = "Multi StoryboardTests";
			sourceTree = "<group>";
		};
		F89FB4641AAC533C004E8ADC /* Supporting Files */ = {
			isa = PBXGroup;
			children = (
				F89FB4651AAC533C004E8ADC /* Info.plist */,
			);
			name = "Supporting Files";
			sourceTree = "<group>";
		};
		F8E0DD931AB3402A001B8840 /* Map */ = {
			isa = PBXGroup;
			children = (
				F8EC344F1AB2C4C000E80555 /* Map.storyboard */,
				F83A8C981AB5A44C007F134F /* Academic Quadrangle 3000 Level Keyplan-Layout1 Low.jpg */,
				F83A8C951AB59FA6007F134F /* SFUImageScrollerViewController.h */,
				F83A8C961AB59FA6007F134F /* SFUImageScrollerViewController.m */,
				F8E0DD901AB33E6D001B8840 /* SFUShortCodeComposerViewController.h */,
				F8E0DD911AB33E6D001B8840 /* SFUShortCodeComposerViewController.m */,
				F8E0DD8D1AB33930001B8840 /* SFUBuildingListViewControllerTableViewController.h */,
				F8E0DD8E1AB33930001B8840 /* SFUBuildingListViewControllerTableViewController.m */,
				F8EB4B861AB2DD0300616182 /* buildingData.plist */,
				F82440991AB3DA9B006D5C8B /* buildingDataCapture.txt */,
				F8EB4BB81AB2E2D400616182 /* SFUMapModel.h */,
				F8EB4BB91AB2E2D400616182 /* SFUMapModel.m */,
				F8E0DD8A1AB32DAD001B8840 /* SFULocation.h */,
				F8E0DD8B1AB32DAD001B8840 /* SFULocation.m */,
				F8EB4BBB1AB2EE5D00616182 /* SFUMapAnnotation.h */,
				F8EB4BBC1AB2EE5D00616182 /* SFUMapAnnotation.m */,
				F8EC34511AB2C7F400E80555 /* SFUMapViewController.h */,
				F8EC34521AB2C7F500E80555 /* SFUMapViewController.m */,
				F82440961AB367CD006D5C8B /* SFUMapPOI.h */,
				F82440971AB367CD006D5C8B /* SFUMapPOI.m */,
			);
			name = Map;
			sourceTree = "<group>";
		};
/* End PBXGroup section */

/* Begin PBXNativeTarget section */
		F89FB4461AAC533B004E8ADC /* Multi Storyboard */ = {
			isa = PBXNativeTarget;
			buildConfigurationList = F89FB46A1AAC533C004E8ADC /* Build configuration list for PBXNativeTarget "Multi Storyboard" */;
			buildPhases = (
				F89FB4431AAC533B004E8ADC /* Sources */,
				F89FB4441AAC533B004E8ADC /* Frameworks */,
				F89FB4451AAC533B004E8ADC /* Resources */,
			);
			buildRules = (
			);
			dependencies = (
			);
			name = "Multi Storyboard";
			productName = "Multi Storyboard";
			productReference = F89FB4471AAC533B004E8ADC /* Multi Storyboard.app */;
			productType = "com.apple.product-type.application";
		};
		F89FB45F1AAC533C004E8ADC /* Multi StoryboardTests */ = {
			isa = PBXNativeTarget;
			buildConfigurationList = F89FB46D1AAC533C004E8ADC /* Build configuration list for PBXNativeTarget "Multi StoryboardTests" */;
			buildPhases = (
				F89FB45C1AAC533C004E8ADC /* Sources */,
				F89FB45D1AAC533C004E8ADC /* Frameworks */,
				F89FB45E1AAC533C004E8ADC /* Resources */,
			);
			buildRules = (
			);
			dependencies = (
				F89FB4621AAC533C004E8ADC /* PBXTargetDependency */,
			);
			name = "Multi StoryboardTests";
			productName = "Multi StoryboardTests";
			productReference = F89FB4601AAC533C004E8ADC /* Multi StoryboardTests.xctest */;
			productType = "com.apple.product-type.bundle.unit-test";
		};
/* End PBXNativeTarget section */

/* Begin PBXProject section */
		F89FB43F1AAC533B004E8ADC /* Project object */ = {
			isa = PBXProject;
			attributes = {
				LastUpgradeCheck = 0610;
				ORGANIZATIONNAME = "Simon Fraser University";
				TargetAttributes = {
					F89FB4461AAC533B004E8ADC = {
						CreatedOnToolsVersion = 6.1.1;
					};
					F89FB45F1AAC533C004E8ADC = {
						CreatedOnToolsVersion = 6.1.1;
						TestTargetID = F89FB4461AAC533B004E8ADC;
					};
				};
			};
			buildConfigurationList = F89FB4421AAC533B004E8ADC /* Build configuration list for PBXProject "Multi Storyboard" */;
			compatibilityVersion = "Xcode 3.2";
			developmentRegion = English;
			hasScannedForEncodings = 0;
			knownRegions = (
				en,
				Base,
			);
			mainGroup = F89FB43E1AAC533B004E8ADC;
			productRefGroup = F89FB4481AAC533B004E8ADC /* Products */;
			projectDirPath = "";
			projectRoot = "";
			targets = (
				F89FB4461AAC533B004E8ADC /* Multi Storyboard */,
				F89FB45F1AAC533C004E8ADC /* Multi StoryboardTests */,
			);
		};
/* End PBXProject section */

/* Begin PBXResourcesBuildPhase section */
		F89FB4451AAC533B004E8ADC /* Resources */ = {
			isa = PBXResourcesBuildPhase;
			buildActionMask = 2147483647;
			files = (
				F82440901AB354EB006D5C8B /* QRScan.storyboard in Resources */,
				F89FB4811AACE31F004E8ADC /* Weather.storyboard in Resources */,
				F89FB47D1AAC5B75004E8ADC /* storyboardlist.plist in Resources */,
				F8EC34501AB2C4C000E80555 /* Map.storyboard in Resources */,
				F89FB47F1AAC5F3D004E8ADC /* News.storyboard in Resources */,
				F83A8C991AB5A44C007F134F /* Academic Quadrangle 3000 Level Keyplan-Layout1 Low.jpg in Resources */,
				F89FB4561AAC533B004E8ADC /* Main.storyboard in Resources */,
				F8EC34591AB2D26000E80555 /* SFU_2013_10cm.jpg in Resources */,
				F89FB45B1AAC533B004E8ADC /* LaunchScreen.xib in Resources */,
				F89FB4581AAC533B004E8ADC /* Images.xcassets in Resources */,
				F824409A1AB3DA9B006D5C8B /* buildingDataCapture.txt in Resources */,
				049F81801AB4D76600D84F4D /* Library.storyboard in Resources */,
				F8EB4B871AB2DD0300616182 /* buildingData.plist in Resources */,
				F89FB4751AAC5580004E8ADC /* Social.storyboard in Resources */,
			);
			runOnlyForDeploymentPostprocessing = 0;
		};
		F89FB45E1AAC533C004E8ADC /* Resources */ = {
			isa = PBXResourcesBuildPhase;
			buildActionMask = 2147483647;
			files = (
			);
			runOnlyForDeploymentPostprocessing = 0;
		};
/* End PBXResourcesBuildPhase section */

/* Begin PBXSourcesBuildPhase section */
		F89FB4431AAC533B004E8ADC /* Sources */ = {
			isa = PBXSourcesBuildPhase;
			buildActionMask = 2147483647;
			files = (
				F8E0DD8C1AB32DAD001B8840 /* SFULocation.m in Sources */,
				F8EB4BBD1AB2EE5D00616182 /* SFUMapAnnotation.m in Sources */,
				F82440981AB367CD006D5C8B /* SFUMapPOI.m in Sources */,
				F89FB4871AACE4A4004E8ADC /* SFUHourlyForecastTableCell.m in Sources */,
				F89FB4531AAC533B004E8ADC /* ViewController.m in Sources */,
				F89FB4501AAC533B004E8ADC /* AppDelegate.m in Sources */,
				049F81831AB4D83100D84F4D /* SFULibraryViewController.m in Sources */,
				F89FB4841AACE474004E8ADC /* SFUHourlyForecastTableViewController.m in Sources */,
				F8E0DD921AB33E6D001B8840 /* SFUShortCodeComposerViewController.m in Sources */,
				F8EC34531AB2C7F500E80555 /* SFUMapViewController.m in Sources */,
				049F81861AB4D8AA00D84F4D /* SFULibraryCell.m in Sources */,
				F8EB4BBA1AB2E2D400616182 /* SFUMapModel.m in Sources */,
				F89FB47B1AAC5770004E8ADC /* SFUStoryboardListModel.m in Sources */,
				F89FB44D1AAC533B004E8ADC /* main.m in Sources */,
				F83A8C971AB59FA6007F134F /* SFUImageScrollerViewController.m in Sources */,
				F89FB4781AAC56FD004E8ADC /* SFUStoryboardListTableViewController.m in Sources */,
				F8E0DD8F1AB33930001B8840 /* SFUBuildingListViewControllerTableViewController.m in Sources */,
				F82440951AB356F3006D5C8B /* SFUQRCaptureViewController.m in Sources */,
			);
			runOnlyForDeploymentPostprocessing = 0;
		};
		F89FB45C1AAC533C004E8ADC /* Sources */ = {
			isa = PBXSourcesBuildPhase;
			buildActionMask = 2147483647;
			files = (
				F89FB4671AAC533C004E8ADC /* Multi_StoryboardTests.m in Sources */,
			);
			runOnlyForDeploymentPostprocessing = 0;
		};
/* End PBXSourcesBuildPhase section */

/* Begin PBXTargetDependency section */
		F89FB4621AAC533C004E8ADC /* PBXTargetDependency */ = {
			isa = PBXTargetDependency;
			target = F89FB4461AAC533B004E8ADC /* Multi Storyboard */;
			targetProxy = F89FB4611AAC533C004E8ADC /* PBXContainerItemProxy */;
		};
/* End PBXTargetDependency section */

/* Begin PBXVariantGroup section */
		F89FB4541AAC533B004E8ADC /* Main.storyboard */ = {
			isa = PBXVariantGroup;
			children = (
				F89FB4551AAC533B004E8ADC /* Base */,
			);
			name = Main.storyboard;
			sourceTree = "<group>";
		};
		F89FB4591AAC533B004E8ADC /* LaunchScreen.xib */ = {
			isa = PBXVariantGroup;
			children = (
				F89FB45A1AAC533B004E8ADC /* Base */,
			);
			name = LaunchScreen.xib;
			sourceTree = "<group>";
		};
/* End PBXVariantGroup section */

/* Begin XCBuildConfiguration section */
		F89FB4681AAC533C004E8ADC /* Debug */ = {
			isa = XCBuildConfiguration;
			buildSettings = {
				ALWAYS_SEARCH_USER_PATHS = NO;
				CLANG_CXX_LANGUAGE_STANDARD = "gnu++0x";
				CLANG_CXX_LIBRARY = "libc++";
				CLANG_ENABLE_MODULES = YES;
				CLANG_ENABLE_OBJC_ARC = YES;
				CLANG_WARN_BOOL_CONVERSION = YES;
				CLANG_WARN_CONSTANT_CONVERSION = YES;
				CLANG_WARN_DIRECT_OBJC_ISA_USAGE = YES_ERROR;
				CLANG_WARN_EMPTY_BODY = YES;
				CLANG_WARN_ENUM_CONVERSION = YES;
				CLANG_WARN_INT_CONVERSION = YES;
				CLANG_WARN_OBJC_ROOT_CLASS = YES_ERROR;
				CLANG_WARN_UNREACHABLE_CODE = YES;
				CLANG_WARN__DUPLICATE_METHOD_MATCH = YES;
				"CODE_SIGN_IDENTITY[sdk=iphoneos*]" = "iPhone Developer";
				COPY_PHASE_STRIP = NO;
				ENABLE_STRICT_OBJC_MSGSEND = YES;
				GCC_C_LANGUAGE_STANDARD = gnu99;
				GCC_DYNAMIC_NO_PIC = NO;
				GCC_OPTIMIZATION_LEVEL = 0;
				GCC_PREPROCESSOR_DEFINITIONS = (
					"DEBUG=1",
					"$(inherited)",
				);
				GCC_SYMBOLS_PRIVATE_EXTERN = NO;
				GCC_WARN_64_TO_32_BIT_CONVERSION = YES;
				GCC_WARN_ABOUT_RETURN_TYPE = YES_ERROR;
				GCC_WARN_UNDECLARED_SELECTOR = YES;
				GCC_WARN_UNINITIALIZED_AUTOS = YES_AGGRESSIVE;
				GCC_WARN_UNUSED_FUNCTION = YES;
				GCC_WARN_UNUSED_VARIABLE = YES;
				IPHONEOS_DEPLOYMENT_TARGET = 8.1;
				MTL_ENABLE_DEBUG_INFO = YES;
				ONLY_ACTIVE_ARCH = YES;
				SDKROOT = iphoneos;
				TARGETED_DEVICE_FAMILY = "1,2";
			};
			name = Debug;
		};
		F89FB4691AAC533C004E8ADC /* Release */ = {
			isa = XCBuildConfiguration;
			buildSettings = {
				ALWAYS_SEARCH_USER_PATHS = NO;
				CLANG_CXX_LANGUAGE_STANDARD = "gnu++0x";
				CLANG_CXX_LIBRARY = "libc++";
				CLANG_ENABLE_MODULES = YES;
				CLANG_ENABLE_OBJC_ARC = YES;
				CLANG_WARN_BOOL_CONVERSION = YES;
				CLANG_WARN_CONSTANT_CONVERSION = YES;
				CLANG_WARN_DIRECT_OBJC_ISA_USAGE = YES_ERROR;
				CLANG_WARN_EMPTY_BODY = YES;
				CLANG_WARN_ENUM_CONVERSION = YES;
				CLANG_WARN_INT_CONVERSION = YES;
				CLANG_WARN_OBJC_ROOT_CLASS = YES_ERROR;
				CLANG_WARN_UNREACHABLE_CODE = YES;
				CLANG_WARN__DUPLICATE_METHOD_MATCH = YES;
				"CODE_SIGN_IDENTITY[sdk=iphoneos*]" = "iPhone Developer";
				COPY_PHASE_STRIP = YES;
				ENABLE_NS_ASSERTIONS = NO;
				ENABLE_STRICT_OBJC_MSGSEND = YES;
				GCC_C_LANGUAGE_STANDARD = gnu99;
				GCC_WARN_64_TO_32_BIT_CONVERSION = YES;
				GCC_WARN_ABOUT_RETURN_TYPE = YES_ERROR;
				GCC_WARN_UNDECLARED_SELECTOR = YES;
				GCC_WARN_UNINITIALIZED_AUTOS = YES_AGGRESSIVE;
				GCC_WARN_UNUSED_FUNCTION = YES;
				GCC_WARN_UNUSED_VARIABLE = YES;
				IPHONEOS_DEPLOYMENT_TARGET = 8.1;
				MTL_ENABLE_DEBUG_INFO = NO;
				SDKROOT = iphoneos;
				TARGETED_DEVICE_FAMILY = "1,2";
				VALIDATE_PRODUCT = YES;
			};
			name = Release;
		};
		F89FB46B1AAC533C004E8ADC /* Debug */ = {
			isa = XCBuildConfiguration;
			buildSettings = {
				ASSETCATALOG_COMPILER_APPICON_NAME = AppIcon;
				INFOPLIST_FILE = "Multi Storyboard/Info.plist";
				LD_RUNPATH_SEARCH_PATHS = "$(inherited) @executable_path/Frameworks";
				PRODUCT_NAME = "$(TARGET_NAME)";
			};
			name = Debug;
		};
		F89FB46C1AAC533C004E8ADC /* Release */ = {
			isa = XCBuildConfiguration;
			buildSettings = {
				ASSETCATALOG_COMPILER_APPICON_NAME = AppIcon;
				INFOPLIST_FILE = "Multi Storyboard/Info.plist";
				LD_RUNPATH_SEARCH_PATHS = "$(inherited) @executable_path/Frameworks";
				PRODUCT_NAME = "$(TARGET_NAME)";
			};
			name = Release;
		};
		F89FB46E1AAC533C004E8ADC /* Debug */ = {
			isa = XCBuildConfiguration;
			buildSettings = {
				BUNDLE_LOADER = "$(TEST_HOST)";
				FRAMEWORK_SEARCH_PATHS = (
					"$(SDKROOT)/Developer/Library/Frameworks",
					"$(inherited)",
				);
				GCC_PREPROCESSOR_DEFINITIONS = (
					"DEBUG=1",
					"$(inherited)",
				);
				INFOPLIST_FILE = "Multi StoryboardTests/Info.plist";
				LD_RUNPATH_SEARCH_PATHS = "$(inherited) @executable_path/Frameworks @loader_path/Frameworks";
				PRODUCT_NAME = "$(TARGET_NAME)";
				TEST_HOST = "$(BUILT_PRODUCTS_DIR)/Multi Storyboard.app/Multi Storyboard";
			};
			name = Debug;
		};
		F89FB46F1AAC533C004E8ADC /* Release */ = {
			isa = XCBuildConfiguration;
			buildSettings = {
				BUNDLE_LOADER = "$(TEST_HOST)";
				FRAMEWORK_SEARCH_PATHS = (
					"$(SDKROOT)/Developer/Library/Frameworks",
					"$(inherited)",
				);
				INFOPLIST_FILE = "Multi StoryboardTests/Info.plist";
				LD_RUNPATH_SEARCH_PATHS = "$(inherited) @executable_path/Frameworks @loader_path/Frameworks";
				PRODUCT_NAME = "$(TARGET_NAME)";
				TEST_HOST = "$(BUILT_PRODUCTS_DIR)/Multi Storyboard.app/Multi Storyboard";
			};
			name = Release;
		};
/* End XCBuildConfiguration section */

/* Begin XCConfigurationList section */
		F89FB4421AAC533B004E8ADC /* Build configuration list for PBXProject "Multi Storyboard" */ = {
			isa = XCConfigurationList;
			buildConfigurations = (
				F89FB4681AAC533C004E8ADC /* Debug */,
				F89FB4691AAC533C004E8ADC /* Release */,
			);
			defaultConfigurationIsVisible = 0;
			defaultConfigurationName = Release;
		};
		F89FB46A1AAC533C004E8ADC /* Build configuration list for PBXNativeTarget "Multi Storyboard" */ = {
			isa = XCConfigurationList;
			buildConfigurations = (
				F89FB46B1AAC533C004E8ADC /* Debug */,
				F89FB46C1AAC533C004E8ADC /* Release */,
			);
			defaultConfigurationIsVisible = 0;
			defaultConfigurationName = Release;
		};
		F89FB46D1AAC533C004E8ADC /* Build configuration list for PBXNativeTarget "Multi StoryboardTests" */ = {
			isa = XCConfigurationList;
			buildConfigurations = (
				F89FB46E1AAC533C004E8ADC /* Debug */,
				F89FB46F1AAC533C004E8ADC /* Release */,
			);
			defaultConfigurationIsVisible = 0;
			defaultConfigurationName = Release;
		};
/* End XCConfigurationList section */
	};
	rootObject = F89FB43F1AAC533B004E8ADC /* Project object */;
}
